
Microsoft Visual Studio Solution File, Format Version 12.00
# Visual Studio Version 16
VisualStudioVersion = 16.0.32002.261
MinimumVisualStudioVersion = 10.0.40219.1
Project("{FAE04EC0-301F-11D3-BF4B-00C04F79EFBC}") = "Ex_1 Recursividade", "Ex_1 Recursividade\Ex_1 Recursividade.csproj", "{BBDF06AB-E85B-425A-826E-4F73C3CE6185}"
EndProject
Global
	GlobalSection(SolutionConfigurationPlatforms) = preSolution
		Debug|Any CPU = Debug|Any CPU
		Release|Any CPU = Release|Any CPU
	EndGlobalSection
	GlobalSection(ProjectConfigurationPlatforms) = postSolution
		{BBDF06AB-E85B-425A-826E-4F73C3CE6185}.Debug|Any CPU.ActiveCfg = Debug|Any CPU
		{BBDF06AB-E85B-425A-826E-4F73C3CE6185}.Debug|Any CPU.Build.0 = Debug|Any CPU
		{BBDF06AB-E85B-425A-826E-4F73C3CE6185}.Release|Any CPU.ActiveCfg = Release|Any CPU
		{BBDF06AB-E85B-425A-826E-4F73C3CE6185}.Release|Any CPU.Build.0 = Release|Any CPU
	EndGlobalSection
	GlobalSection(SolutionProperties) = preSolution
		HideSolutionNode = FALSE
	EndGlobalSection
	GlobalSection(ExtensibilityGlobals) = postSolution
		SolutionGuid = {074A4C01-E78C-4C2C-938A-46FD16906224}
	EndGlobalSection
EndGlobal
